
Microsoft Visual Studio Solution File, Format Version 12.00
# Visual Studio Version 17
VisualStudioVersion = 17.13.35931.197 d17.13
MinimumVisualStudioVersion = 10.0.40219.1
Project("{FAE04EC0-301F-11D3-BF4B-00C04F79EFBC}") = "DataAccessSportShopDb", "DataAccessSportShopDb.csproj", "{924F1D10-53C8-45B5-8CD7-94ECB3B30D97}"
EndProject
Project("{FAE04EC0-301F-11D3-BF4B-00C04F79EFBC}") = "DataAccess1", "..\DataAccess1\DataAccess1.csproj", "{F9544F08-A118-4BDB-9456-FD966872C679}"
EndProject
Global
	GlobalSection(SolutionConfigurationPlatforms) = preSolution
		Debug|Any CPU = Debug|Any CPU
		Release|Any CPU = Release|Any CPU
	EndGlobalSection
	GlobalSection(ProjectConfigurationPlatforms) = postSolution
		{924F1D10-53C8-45B5-8CD7-94ECB3B30D97}.Debug|Any CPU.ActiveCfg = Debug|Any CPU
		{924F1D10-53C8-45B5-8CD7-94ECB3B30D97}.Debug|Any CPU.Build.0 = Debug|Any CPU
		{924F1D10-53C8-45B5-8CD7-94ECB3B30D97}.Release|Any CPU.ActiveCfg = Release|Any CPU
		{924F1D10-53C8-45B5-8CD7-94ECB3B30D97}.Release|Any CPU.Build.0 = Release|Any CPU
		{F9544F08-A118-4BDB-9456-FD966872C679}.Debug|Any CPU.ActiveCfg = Debug|Any CPU
		{F9544F08-A118-4BDB-9456-FD966872C679}.Debug|Any CPU.Build.0 = Debug|Any CPU
		{F9544F08-A118-4BDB-9456-FD966872C679}.Release|Any CPU.ActiveCfg = Release|Any CPU
		{F9544F08-A118-4BDB-9456-FD966872C679}.Release|Any CPU.Build.0 = Release|Any CPU
	EndGlobalSection
	GlobalSection(SolutionProperties) = preSolution
		HideSolutionNode = FALSE
	EndGlobalSection
	GlobalSection(ExtensibilityGlobals) = postSolution
		SolutionGuid = {B46C6A1F-55F4-48B8-99BB-90440D7A557D}
	EndGlobalSection
EndGlobal
